{
  "name": "tools",
  "version": "1.0.0",
  "lockfileVersion": 3,
  "requires": true,
  "packages": {
    "": {
      "name": "tools",
      "version": "1.0.0",
      "license": "ISC",
      "dependencies": {
        "jsfxr": "^1.4.1"
      }
    },
    "node_modules/jsfxr": {
      "version": "1.4.1",
      "resolved": "https://registry.npmjs.org/jsfxr/-/jsfxr-1.4.1.tgz",
      "integrity": "sha512-Xbamo2dpLF5B+ssyv6TUEIoHJ/KRt4SRK2J3JOOmUG+45XBjkGKTjR/KOyQ9sqjrx/uea/UTWI0+p5pOVm1bUw==",
      "bin": {
        "sfxr-to-wav": "sfxr-to-wav"
      }
    }
  }
}
